
Microsoft Visual Studio Solution File, Format Version 12.00
# Visual Studio Version 16
VisualStudioVersion = 25.0.1706.12
MinimumVisualStudioVersion = 10.0.40219.1
Project("{FAE04EC0-301F-11D3-BF4B-00C04F79EFBC}") = "phoneBook", "phoneBook\phoneBook.csproj", "{6C7721CA-47CC-4C04-B7C6-81D87CFB7402}"
EndProject
Global
	GlobalSection(SolutionConfigurationPlatforms) = preSolution
		Debug|Any CPU = Debug|Any CPU
		Release|Any CPU = Release|Any CPU
	EndGlobalSection
	GlobalSection(ProjectConfigurationPlatforms) = postSolution
		{6C7721CA-47CC-4C04-B7C6-81D87CFB7402}.Debug|Any CPU.ActiveCfg = Debug|Any CPU
		{6C7721CA-47CC-4C04-B7C6-81D87CFB7402}.Debug|Any CPU.Build.0 = Debug|Any CPU
		{6C7721CA-47CC-4C04-B7C6-81D87CFB7402}.Release|Any CPU.ActiveCfg = Release|Any CPU
		{6C7721CA-47CC-4C04-B7C6-81D87CFB7402}.Release|Any CPU.Build.0 = Release|Any CPU
	EndGlobalSection
	GlobalSection(SolutionProperties) = preSolution
		HideSolutionNode = FALSE
	EndGlobalSection
	GlobalSection(ExtensibilityGlobals) = postSolution
		SolutionGuid = {AF43BA02-EDEA-43FB-879B-3D0DED0359A0}
	EndGlobalSection
EndGlobal
